{
  "name": "nodehello",
  "version": "1.0.0",
  "lockfileVersion": 1,
  "requires": true,
  "dependencies": {
    "normalize-port": {
      "version": "1.0.0",
      "resolved": "https://registry.npmjs.org/normalize-port/-/normalize-port-1.0.0.tgz",
      "integrity": "sha1-IbJNFo5WwoUxmalwvTEzpZ6KXBY="
    }
  }
}
